%{"ibrowse": {:hex, :ibrowse, "4.4.0", "2d923325efe0d2cb09b9c6a047b2835a5eda69d8a47ed6ff8bc03628b764e991", [:rebar3], []},
  "tesla": {:hex, :tesla, "0.6.0", "ede6f50c4f7d57d6787c313c30279b1d7176c362cd6f39993166375f540ec368", [:mix], [{:exjsx, ">= 0.1.0", [hex: :exjsx, optional: true]}, {:fuse, "~> 2.4", [hex: :fuse, optional: true]}, {:hackney, "~> 1.6.0", [hex: :hackney, optional: true]}, {:ibrowse, "~> 4.2", [hex: :ibrowse, optional: true]}, {:poison, ">= 1.0.0", [hex: :poison, optional: true]}]}}
